
Microsoft Visual Studio Solution File, Format Version 12.00
# Visual Studio Version 16
VisualStudioVersion = 16.0.30114.105
MinimumVisualStudioVersion = 10.0.40219.1
Project("{9A19103F-16F7-4668-BE54-9A1E7A4F7556}") = "Sorting", "Sorting\Sorting.csproj", "{FFD17DD8-FECA-4A8A-8A84-F3E3625EFD60}"
EndProject
Project("{FAE04EC0-301F-11D3-BF4B-00C04F79EFBC}") = "DataStructures", "DataStructures\DataStructures.csproj", "{C6CD7413-7BB7-4BB1-A090-B0D127EF41B8}"
EndProject
Global
	GlobalSection(SolutionConfigurationPlatforms) = preSolution
		Debug|Any CPU = Debug|Any CPU
		Release|Any CPU = Release|Any CPU
	EndGlobalSection
	GlobalSection(ProjectConfigurationPlatforms) = postSolution
		{FFD17DD8-FECA-4A8A-8A84-F3E3625EFD60}.Debug|Any CPU.ActiveCfg = Debug|Any CPU
		{FFD17DD8-FECA-4A8A-8A84-F3E3625EFD60}.Debug|Any CPU.Build.0 = Debug|Any CPU
		{FFD17DD8-FECA-4A8A-8A84-F3E3625EFD60}.Release|Any CPU.ActiveCfg = Release|Any CPU
		{FFD17DD8-FECA-4A8A-8A84-F3E3625EFD60}.Release|Any CPU.Build.0 = Release|Any CPU
		{C6CD7413-7BB7-4BB1-A090-B0D127EF41B8}.Debug|Any CPU.ActiveCfg = Debug|Any CPU
		{C6CD7413-7BB7-4BB1-A090-B0D127EF41B8}.Debug|Any CPU.Build.0 = Debug|Any CPU
		{C6CD7413-7BB7-4BB1-A090-B0D127EF41B8}.Release|Any CPU.ActiveCfg = Release|Any CPU
		{C6CD7413-7BB7-4BB1-A090-B0D127EF41B8}.Release|Any CPU.Build.0 = Release|Any CPU
	EndGlobalSection
	GlobalSection(SolutionProperties) = preSolution
		HideSolutionNode = FALSE
	EndGlobalSection
	GlobalSection(ExtensibilityGlobals) = postSolution
		SolutionGuid = {F0E59226-ADBB-44D3-AB38-6EA70FD793BB}
	EndGlobalSection
EndGlobal
